
Microsoft Visual Studio Solution File, Format Version 12.00
# Visual Studio 15
VisualStudioVersion = 15.0.28307.421
MinimumVisualStudioVersion = 10.0.40219.1
Project("{FAE04EC0-301F-11D3-BF4B-00C04F79EFBC}") = "FinalPartB", "FinalPartB\FinalPartB.csproj", "{CFEEC1CD-AB9B-4679-A46A-07944C3F996F}"
EndProject
Global
	GlobalSection(SolutionConfigurationPlatforms) = preSolution
		Debug|Any CPU = Debug|Any CPU
		Release|Any CPU = Release|Any CPU
	EndGlobalSection
	GlobalSection(ProjectConfigurationPlatforms) = postSolution
		{CFEEC1CD-AB9B-4679-A46A-07944C3F996F}.Debug|Any CPU.ActiveCfg = Debug|Any CPU
		{CFEEC1CD-AB9B-4679-A46A-07944C3F996F}.Debug|Any CPU.Build.0 = Debug|Any CPU
		{CFEEC1CD-AB9B-4679-A46A-07944C3F996F}.Release|Any CPU.ActiveCfg = Release|Any CPU
		{CFEEC1CD-AB9B-4679-A46A-07944C3F996F}.Release|Any CPU.Build.0 = Release|Any CPU
	EndGlobalSection
	GlobalSection(SolutionProperties) = preSolution
		HideSolutionNode = FALSE
	EndGlobalSection
	GlobalSection(ExtensibilityGlobals) = postSolution
		SolutionGuid = {39211601-7E53-4632-BAB5-677E2E488CEC}
	EndGlobalSection
EndGlobal
